{
  "version": 4,
  "terraform_version": "1.7.3",
  "serial": 21,
  "lineage": "4020dfeb-3bf7-9b86-b67b-0fa973a17332",
  "outputs": {},
  "resources": [
    {
      "mode": "data",
      "type": "azurerm_client_config",
      "name": "current",
      "provider": "provider[\"registry.terraform.io/hashicorp/azurerm\"]",
      "instances": [
        {
          "schema_version": 0,
          "attributes": {
            "client_id": "04b07795-8ddb-461a-bbee-02f9e1bf7b46",
            "id": "Y2xpZW50Q29uZmlncy9jbGllbnRJZD0wNGIwNzc5NS04ZGRiLTQ2MWEtYmJlZS0wMmY5ZTFiZjdiNDY7b2JqZWN0SWQ9NjdmNzU0NWItNWI1MS00OGE4LWFkMjUtMWU4MDEwNDdkNzg2O3N1YnNjcmlwdGlvbklkPTJlZGQyOWY1LTY4OWYtNDhjNS1iOTNlLTkzNzIzMjE2ZWE5MTt0ZW5hbnRJZD0xNmIzYzAxMy1kMzAwLTQ2OGQtYWM2NC03ZWRhMDgyMGI2ZDM=",
            "object_id": "67f7545b-5b51-48a8-ad25-1e801047d786",
            "subscription_id": "2edd29f5-689f-48c5-b93e-93723216ea91",
            "tenant_id": "16b3c013-d300-468d-ac64-7eda0820b6d3",
            "timeouts": null
          },
          "sensitive_attributes": []
        }
      ]
    },
    {
      "mode": "managed",
      "type": "azurerm_application_insights",
      "name": "app_insights",
      "provider": "provider[\"registry.terraform.io/hashicorp/azurerm\"]",
      "instances": [
        {
          "schema_version": 1,
          "attributes": {
            "app_id": "30d9398c-a7ea-4c98-81b2-a9b1c0839719",
            "application_type": "other",
            "connection_string": "InstrumentationKey=e7192a80-8173-4749-a0c1-be8ffa1244fd;IngestionEndpoint=https://eastus-8.in.applicationinsights.azure.com/;LiveEndpoint=https://eastus.livediagnostics.monitor.azure.com/",
            "daily_data_cap_in_gb": 100,
            "daily_data_cap_notifications_disabled": false,
            "disable_ip_masking": false,
            "force_customer_storage_for_profiler": false,
            "id": "/subscriptions/2edd29f5-689f-48c5-b93e-93723216ea91/resourceGroups/azure-mvp-sinistro/providers/Microsoft.Insights/components/appinsights0503mvp",
            "instrumentation_key": "e7192a80-8173-4749-a0c1-be8ffa1244fd",
            "internet_ingestion_enabled": true,
            "internet_query_enabled": true,
            "local_authentication_disabled": false,
            "location": "eastus",
            "name": "appinsights0503mvp",
            "resource_group_name": "azure-mvp-sinistro",
            "retention_in_days": 90,
            "sampling_percentage": 100,
            "tags": null,
            "timeouts": null,
            "workspace_id": "/subscriptions/2edd29f5-689f-48c5-b93e-93723216ea91/resourceGroups/azure-mvp-sinistro/providers/Microsoft.OperationalInsights/workspaces/loganalytics0503mvp"
          },
          "sensitive_attributes": [],
          "private": "eyJlMmJmYjczMC1lY2FhLTExZTYtOGY4OC0zNDM2M2JjN2M0YzAiOnsiY3JlYXRlIjozNjAwMDAwMDAwMDAwLCJkZWxldGUiOjE4MDAwMDAwMDAwMDAsInJlYWQiOjMwMDAwMDAwMDAwMCwidXBkYXRlIjoxODAwMDAwMDAwMDAwfSwic2NoZW1hX3ZlcnNpb24iOiIxIn0=",
          "dependencies": [
            "azurerm_log_analytics_workspace.log_analytics",
            "azurerm_resource_group.rg"
          ]
        }
      ]
    },
    {
      "mode": "managed",
      "type": "azurerm_cognitive_account",
      "name": "azure_ai_services",
      "provider": "provider[\"registry.terraform.io/hashicorp/azurerm\"]",
      "instances": [
        {
          "schema_version": 0,
          "attributes": {
            "custom_question_answering_search_service_id": "",
            "custom_question_answering_search_service_key": null,
            "custom_subdomain_name": "aiservices0503mvp",
            "customer_managed_key": [],
            "dynamic_throttling_enabled": false,
            "endpoint": "https://aiservices0503mvp.cognitiveservices.azure.com/",
            "fqdns": [],
            "id": "/subscriptions/2edd29f5-689f-48c5-b93e-93723216ea91/resourceGroups/azure-mvp-sinistro/providers/Microsoft.CognitiveServices/accounts/aiservices0503mvp",
            "identity": [],
            "kind": "CognitiveServices",
            "local_auth_enabled": true,
            "location": "eastus",
            "metrics_advisor_aad_client_id": "",
            "metrics_advisor_aad_tenant_id": "",
            "metrics_advisor_super_user_name": "",
            "metrics_advisor_website_name": "",
            "name": "aiservices0503mvp",
            "network_acls": [],
            "outbound_network_access_restricted": false,
            "primary_access_key": "3a8282b663f74bc783914e6e6dcc6a28",
            "public_network_access_enabled": true,
            "qna_runtime_endpoint": "",
            "resource_group_name": "azure-mvp-sinistro",
            "secondary_access_key": "64f2ddb98aac4ba2be5ba2bd061f3e62",
            "sku_name": "S0",
            "storage": [],
            "tags": {},
            "timeouts": null
          },
          "sensitive_attributes": [],
          "private": "eyJlMmJmYjczMC1lY2FhLTExZTYtOGY4OC0zNDM2M2JjN2M0YzAiOnsiY3JlYXRlIjoxODAwMDAwMDAwMDAwLCJkZWxldGUiOjE4MDAwMDAwMDAwMDAsInJlYWQiOjMwMDAwMDAwMDAwMCwidXBkYXRlIjoxODAwMDAwMDAwMDAwfX0=",
          "dependencies": [
            "azurerm_resource_group.rg"
          ]
        }
      ]
    },
    {
      "mode": "managed",
      "type": "azurerm_linux_function_app",
      "name": "function_app",
      "provider": "provider[\"registry.terraform.io/hashicorp/azurerm\"]",
      "instances": [
        {
          "schema_version": 1,
          "attributes": {
            "app_settings": {},
            "auth_settings": [],
            "auth_settings_v2": [],
            "backup": [],
            "builtin_logging_enabled": true,
            "client_certificate_enabled": false,
            "client_certificate_exclusion_paths": "",
            "client_certificate_mode": "Optional",
            "connection_string": [],
            "content_share_force_disabled": false,
            "custom_domain_verification_id": "6AA78B1E060CDAA0062CAA4BC4D464EE501EC1E0BFCB71E7999B646F40BF8184",
            "daily_memory_time_quota": 0,
            "default_hostname": "functionapp0503mvp.azurewebsites.net",
            "enabled": true,
            "ftp_publish_basic_authentication_enabled": true,
            "functions_extension_version": "~4",
            "hosting_environment_id": "",
            "https_only": false,
            "id": "/subscriptions/2edd29f5-689f-48c5-b93e-93723216ea91/resourceGroups/azure-mvp-sinistro/providers/Microsoft.Web/sites/functionapp0503mvp",
            "identity": [
              {
                "identity_ids": [],
                "principal_id": "2da0c242-2fde-4d68-b2dd-3d7f638beebe",
                "tenant_id": "16b3c013-d300-468d-ac64-7eda0820b6d3",
                "type": "SystemAssigned"
              }
            ],
            "key_vault_reference_identity_id": "SystemAssigned",
            "kind": "functionapp,linux",
            "location": "eastus",
            "name": "functionapp0503mvp",
            "outbound_ip_address_list": [
              "52.188.142.126",
              "52.188.143.57",
              "52.188.141.62",
              "40.71.232.88",
              "40.71.233.96",
              "40.71.233.218",
              "20.49.104.23"
            ],
            "outbound_ip_addresses": "52.188.142.126,52.188.143.57,52.188.141.62,40.71.232.88,40.71.233.96,40.71.233.218,20.49.104.23",
            "possible_outbound_ip_address_list": [
              "52.188.142.126",
              "52.188.143.57",
              "52.188.141.62",
              "40.71.232.88",
              "40.71.233.96",
              "40.71.233.218",
              "40.71.234.29",
              "40.71.234.60",
              "40.71.235.182",
              "40.71.236.158",
              "40.71.237.2",
              "40.71.237.25",
              "40.71.238.120",
              "40.71.238.125",
              "52.151.238.38",
              "40.71.238.146",
              "40.71.238.252",
              "40.71.239.94",
              "20.75.135.76",
              "20.75.135.109",
              "20.75.132.243",
              "20.75.135.148",
              "20.75.135.175",
              "20.75.132.169",
              "20.49.104.23"
            ],
            "possible_outbound_ip_addresses": "52.188.142.126,52.188.143.57,52.188.141.62,40.71.232.88,40.71.233.96,40.71.233.218,40.71.234.29,40.71.234.60,40.71.235.182,40.71.236.158,40.71.237.2,40.71.237.25,40.71.238.120,40.71.238.125,52.151.238.38,40.71.238.146,40.71.238.252,40.71.239.94,20.75.135.76,20.75.135.109,20.75.132.243,20.75.135.148,20.75.135.175,20.75.132.169,20.49.104.23",
            "public_network_access_enabled": true,
            "resource_group_name": "azure-mvp-sinistro",
            "service_plan_id": "/subscriptions/2edd29f5-689f-48c5-b93e-93723216ea91/resourceGroups/azure-mvp-sinistro/providers/Microsoft.Web/serverFarms/functionplan0503mvp",
            "site_config": [
              {
                "always_on": false,
                "api_definition_url": "",
                "api_management_api_id": "",
                "app_command_line": "",
                "app_scale_limit": 200,
                "app_service_logs": [],
                "application_insights_connection_string": "",
                "application_insights_key": "e7192a80-8173-4749-a0c1-be8ffa1244fd",
                "application_stack": [
                  {
                    "docker": [],
                    "dotnet_version": "",
                    "java_version": "",
                    "node_version": "",
                    "powershell_core_version": "",
                    "python_version": "3.11",
                    "use_custom_runtime": false,
                    "use_dotnet_isolated_runtime": false
                  }
                ],
                "container_registry_managed_identity_client_id": "",
                "container_registry_use_managed_identity": false,
                "cors": [],
                "default_documents": [
                  "Default.htm",
                  "Default.html",
                  "Default.asp",
                  "index.htm",
                  "index.html",
                  "iisstart.htm",
                  "default.aspx",
                  "index.php"
                ],
                "detailed_error_logging_enabled": false,
                "elastic_instance_minimum": 0,
                "ftps_state": "Disabled",
                "health_check_eviction_time_in_min": 0,
                "health_check_path": "",
                "http2_enabled": false,
                "ip_restriction": [],
                "linux_fx_version": "PYTHON|3.11",
                "load_balancing_mode": "LeastRequests",
                "managed_pipeline_mode": "Integrated",
                "minimum_tls_version": "1.2",
                "pre_warmed_instance_count": 0,
                "remote_debugging_enabled": false,
                "remote_debugging_version": "",
                "runtime_scale_monitoring_enabled": false,
                "scm_ip_restriction": [],
                "scm_minimum_tls_version": "1.2",
                "scm_type": "None",
                "scm_use_main_ip_restriction": false,
                "use_32_bit_worker": false,
                "vnet_route_all_enabled": false,
                "websockets_enabled": false,
                "worker_count": 1
              }
            ],
            "site_credential": [
              {
                "name": "$functionapp0503mvp",
                "password": "AQJbVPdnUVuoSK0lHoAQR9eGA3TKsgE.Eq33ZH19FBxCU3M9VRjNwmkeAX4R8hMijLlIUbjx998"
              }
            ],
            "sticky_settings": [],
            "storage_account": [],
            "storage_account_access_key": "8+ITDTrwfgpmfrWfZgEIcwOjd3ETHALVDn6q3zToRrDrP9UkNSON+3zAInm2KtXIWrMj6gug1AYv+AStvvBIIA==",
            "storage_account_name": "functionstg0503mvp",
            "storage_key_vault_secret_id": "",
            "storage_uses_managed_identity": false,
            "tags": {},
            "timeouts": null,
            "virtual_network_subnet_id": "",
            "webdeploy_publish_basic_authentication_enabled": true,
            "zip_deploy_file": ""
          },
          "sensitive_attributes": [
            [
              {
                "type": "get_attr",
                "value": "site_config"
              },
              {
                "type": "index",
                "value": {
                  "value": 0,
                  "type": "number"
                }
              },
              {
                "type": "get_attr",
                "value": "application_insights_key"
              }
            ],
            [
              {
                "type": "get_attr",
                "value": "storage_account_access_key"
              }
            ]
          ],
          "private": "eyJlMmJmYjczMC1lY2FhLTExZTYtOGY4OC0zNDM2M2JjN2M0YzAiOnsiY3JlYXRlIjoxODAwMDAwMDAwMDAwLCJkZWxldGUiOjE4MDAwMDAwMDAwMDAsInJlYWQiOjMwMDAwMDAwMDAwMCwidXBkYXRlIjoxODAwMDAwMDAwMDAwfSwic2NoZW1hX3ZlcnNpb24iOiIxIn0=",
          "dependencies": [
            "azurerm_application_insights.app_insights",
            "azurerm_log_analytics_workspace.log_analytics",
            "azurerm_resource_group.rg",
            "azurerm_service_plan.function_plan",
            "azurerm_storage_account.storage_fn"
          ]
        }
      ]
    },
    {
      "mode": "managed",
      "type": "azurerm_log_analytics_workspace",
      "name": "log_analytics",
      "provider": "provider[\"registry.terraform.io/hashicorp/azurerm\"]",
      "instances": [
        {
          "schema_version": 3,
          "attributes": {
            "allow_resource_only_permissions": true,
            "cmk_for_query_forced": false,
            "daily_quota_gb": -1,
            "data_collection_rule_id": "",
            "id": "/subscriptions/2edd29f5-689f-48c5-b93e-93723216ea91/resourceGroups/azure-mvp-sinistro/providers/Microsoft.OperationalInsights/workspaces/loganalytics0503mvp",
            "identity": [],
            "immediate_data_purge_on_30_days_enabled": false,
            "internet_ingestion_enabled": true,
            "internet_query_enabled": true,
            "local_authentication_disabled": false,
            "location": "eastus",
            "name": "loganalytics0503mvp",
            "primary_shared_key": "opnzJd6+uwywM+uSGsl4fs4AbyD4EFbD0f+hChISjDIUyZg8f8zyOHGz2He62/gOce1u6fapDWUk24wB/rRo0Q==",
            "reservation_capacity_in_gb_per_day": null,
            "resource_group_name": "azure-mvp-sinistro",
            "retention_in_days": 30,
            "secondary_shared_key": "Od9ITpuPuAljhmiSXiDfokeT1AqVr6isawfBgk+SzbEJyMAEtq+w6D9ZSakgahJ8dtqGPjMK0gWmJAsLR7Wajg==",
            "sku": "PerGB2018",
            "tags": null,
            "timeouts": null,
            "workspace_id": "3579aa36-3991-4c89-a35d-4c89e604920e"
          },
          "sensitive_attributes": [],
          "private": "eyJlMmJmYjczMC1lY2FhLTExZTYtOGY4OC0zNDM2M2JjN2M0YzAiOnsiY3JlYXRlIjoxODAwMDAwMDAwMDAwLCJkZWxldGUiOjE4MDAwMDAwMDAwMDAsInJlYWQiOjMwMDAwMDAwMDAwMCwidXBkYXRlIjoxODAwMDAwMDAwMDAwfSwic2NoZW1hX3ZlcnNpb24iOiIzIn0=",
          "dependencies": [
            "azurerm_resource_group.rg"
          ]
        }
      ]
    },
    {
      "mode": "managed",
      "type": "azurerm_logic_app_workflow",
      "name": "logic_app",
      "provider": "provider[\"registry.terraform.io/hashicorp/azurerm\"]",
      "instances": [
        {
          "schema_version": 0,
          "attributes": {
            "access_control": [],
            "access_endpoint": "https://prod-79.eastus.logic.azure.com:443/workflows/5269c21c7a8447578b4c6bb597992efc",
            "connector_endpoint_ip_addresses": [],
            "connector_outbound_ip_addresses": [
              "40.71.249.139",
              "40.71.249.205",
              "40.114.40.132",
              "40.71.11.80/28",
              "40.71.15.160/27",
              "52.188.157.160",
              "20.88.153.176/28",
              "20.88.153.192/27",
              "52.151.221.184",
              "52.151.221.119"
            ],
            "enabled": true,
            "id": "/subscriptions/2edd29f5-689f-48c5-b93e-93723216ea91/resourceGroups/azure-mvp-sinistro/providers/Microsoft.Logic/workflows/logicapp0503mvp",
            "identity": [
              {
                "identity_ids": [],
                "principal_id": "01c42f3b-f1de-48aa-91cd-6b26220fe472",
                "tenant_id": "16b3c013-d300-468d-ac64-7eda0820b6d3",
                "type": "SystemAssigned"
              }
            ],
            "integration_service_environment_id": "",
            "location": "eastus",
            "logic_app_integration_account_id": "",
            "name": "logicapp0503mvp",
            "parameters": {},
            "resource_group_name": "azure-mvp-sinistro",
            "tags": {},
            "timeouts": null,
            "workflow_endpoint_ip_addresses": [
              "137.135.106.54",
              "40.117.99.79",
              "40.117.100.228",
              "137.116.126.165",
              "52.226.216.209",
              "40.76.151.124",
              "20.84.29.150",
              "40.76.174.148"
            ],
            "workflow_outbound_ip_addresses": [
              "13.92.98.111",
              "40.121.91.41",
              "40.114.82.191",
              "23.101.139.153",
              "23.100.29.190",
              "23.101.136.201",
              "104.45.153.81",
              "23.101.132.208",
              "52.226.216.197",
              "52.226.216.187",
              "40.76.151.25",
              "40.76.148.50",
              "20.84.29.29",
              "20.84.29.18",
              "40.76.174.83",
              "40.76.174.39"
            ],
            "workflow_parameters": {},
            "workflow_schema": "https://schema.management.azure.com/providers/Microsoft.Logic/schemas/2016-06-01/workflowdefinition.json#",
            "workflow_version": "1.0.0.0"
          },
          "sensitive_attributes": [],
          "private": "eyJlMmJmYjczMC1lY2FhLTExZTYtOGY4OC0zNDM2M2JjN2M0YzAiOnsiY3JlYXRlIjoxODAwMDAwMDAwMDAwLCJkZWxldGUiOjE4MDAwMDAwMDAwMDAsInJlYWQiOjMwMDAwMDAwMDAwMCwidXBkYXRlIjoxODAwMDAwMDAwMDAwfX0=",
          "dependencies": [
            "azurerm_resource_group.rg"
          ]
        }
      ]
    },
    {
      "mode": "managed",
      "type": "azurerm_resource_group",
      "name": "rg",
      "provider": "provider[\"registry.terraform.io/hashicorp/azurerm\"]",
      "instances": [
        {
          "schema_version": 0,
          "attributes": {
            "id": "/subscriptions/2edd29f5-689f-48c5-b93e-93723216ea91/resourceGroups/azure-mvp-sinistro",
            "location": "eastus",
            "managed_by": "",
            "name": "azure-mvp-sinistro",
            "tags": {},
            "timeouts": null
          },
          "sensitive_attributes": [],
          "private": "eyJlMmJmYjczMC1lY2FhLTExZTYtOGY4OC0zNDM2M2JjN2M0YzAiOnsiY3JlYXRlIjo1NDAwMDAwMDAwMDAwLCJkZWxldGUiOjU0MDAwMDAwMDAwMDAsInJlYWQiOjMwMDAwMDAwMDAwMCwidXBkYXRlIjo1NDAwMDAwMDAwMDAwfX0="
        }
      ]
    },
    {
      "mode": "managed",
      "type": "azurerm_role_assignment",
      "name": "function_blob_contributor",
      "provider": "provider[\"registry.terraform.io/hashicorp/azurerm\"]",
      "instances": [
        {
          "schema_version": 0,
          "attributes": {
            "condition": "",
            "condition_version": "",
            "delegated_managed_identity_resource_id": "",
            "description": "",
            "id": "/subscriptions/2edd29f5-689f-48c5-b93e-93723216ea91/resourceGroups/azure-mvp-sinistro/providers/Microsoft.Storage/storageAccounts/datalake0503mvp/providers/Microsoft.Authorization/roleAssignments/aa07ce25-2b22-3538-438e-1f26cf93e9ec",
            "name": "aa07ce25-2b22-3538-438e-1f26cf93e9ec",
            "principal_id": "2da0c242-2fde-4d68-b2dd-3d7f638beebe",
            "principal_type": "ServicePrincipal",
            "role_definition_id": "/subscriptions/2edd29f5-689f-48c5-b93e-93723216ea91/providers/Microsoft.Authorization/roleDefinitions/ba92f5b4-2d11-453d-a403-e96b0029c9fe",
            "role_definition_name": "Storage Blob Data Contributor",
            "scope": "/subscriptions/2edd29f5-689f-48c5-b93e-93723216ea91/resourceGroups/azure-mvp-sinistro/providers/Microsoft.Storage/storageAccounts/datalake0503mvp",
            "skip_service_principal_aad_check": null,
            "timeouts": null
          },
          "sensitive_attributes": [],
          "private": "eyJlMmJmYjczMC1lY2FhLTExZTYtOGY4OC0zNDM2M2JjN2M0YzAiOnsiY3JlYXRlIjoxODAwMDAwMDAwMDAwLCJkZWxldGUiOjE4MDAwMDAwMDAwMDAsInJlYWQiOjMwMDAwMDAwMDAwMH19",
          "dependencies": [
            "azurerm_application_insights.app_insights",
            "azurerm_linux_function_app.function_app",
            "azurerm_log_analytics_workspace.log_analytics",
            "azurerm_resource_group.rg",
            "azurerm_service_plan.function_plan",
            "azurerm_storage_account.datalake_res",
            "azurerm_storage_account.storage_fn"
          ]
        }
      ]
    },
    {
      "mode": "managed",
      "type": "azurerm_role_assignment",
      "name": "logic_app_blob_contributor",
      "provider": "provider[\"registry.terraform.io/hashicorp/azurerm\"]",
      "instances": [
        {
          "schema_version": 0,
          "attributes": {
            "condition": "",
            "condition_version": "",
            "delegated_managed_identity_resource_id": "",
            "description": "",
            "id": "/subscriptions/2edd29f5-689f-48c5-b93e-93723216ea91/resourceGroups/azure-mvp-sinistro/providers/Microsoft.Storage/storageAccounts/datalake0503mvp/providers/Microsoft.Authorization/roleAssignments/156ec8ec-5c4e-eeec-e182-af2121177ee3",
            "name": "156ec8ec-5c4e-eeec-e182-af2121177ee3",
            "principal_id": "01c42f3b-f1de-48aa-91cd-6b26220fe472",
            "principal_type": "ServicePrincipal",
            "role_definition_id": "/subscriptions/2edd29f5-689f-48c5-b93e-93723216ea91/providers/Microsoft.Authorization/roleDefinitions/ba92f5b4-2d11-453d-a403-e96b0029c9fe",
            "role_definition_name": "Storage Blob Data Contributor",
            "scope": "/subscriptions/2edd29f5-689f-48c5-b93e-93723216ea91/resourceGroups/azure-mvp-sinistro/providers/Microsoft.Storage/storageAccounts/datalake0503mvp",
            "skip_service_principal_aad_check": null,
            "timeouts": null
          },
          "sensitive_attributes": [],
          "private": "eyJlMmJmYjczMC1lY2FhLTExZTYtOGY4OC0zNDM2M2JjN2M0YzAiOnsiY3JlYXRlIjoxODAwMDAwMDAwMDAwLCJkZWxldGUiOjE4MDAwMDAwMDAwMDAsInJlYWQiOjMwMDAwMDAwMDAwMH19",
          "dependencies": [
            "azurerm_logic_app_workflow.logic_app",
            "azurerm_resource_group.rg",
            "azurerm_storage_account.datalake_res"
          ]
        }
      ]
    },
    {
      "mode": "managed",
      "type": "azurerm_service_plan",
      "name": "function_plan",
      "provider": "provider[\"registry.terraform.io/hashicorp/azurerm\"]",
      "instances": [
        {
          "schema_version": 1,
          "attributes": {
            "app_service_environment_id": "",
            "id": "/subscriptions/2edd29f5-689f-48c5-b93e-93723216ea91/resourceGroups/azure-mvp-sinistro/providers/Microsoft.Web/serverFarms/functionplan0503mvp",
            "kind": "functionapp",
            "location": "eastus",
            "maximum_elastic_worker_count": 1,
            "name": "functionplan0503mvp",
            "os_type": "Linux",
            "per_site_scaling_enabled": false,
            "reserved": true,
            "resource_group_name": "azure-mvp-sinistro",
            "sku_name": "Y1",
            "tags": {},
            "timeouts": null,
            "worker_count": 0,
            "zone_balancing_enabled": false
          },
          "sensitive_attributes": [],
          "private": "eyJlMmJmYjczMC1lY2FhLTExZTYtOGY4OC0zNDM2M2JjN2M0YzAiOnsiY3JlYXRlIjozNjAwMDAwMDAwMDAwLCJkZWxldGUiOjM2MDAwMDAwMDAwMDAsInJlYWQiOjMwMDAwMDAwMDAwMCwidXBkYXRlIjozNjAwMDAwMDAwMDAwfSwic2NoZW1hX3ZlcnNpb24iOiIxIn0=",
          "dependencies": [
            "azurerm_resource_group.rg"
          ]
        }
      ]
    },
    {
      "mode": "managed",
      "type": "azurerm_storage_account",
      "name": "datalake_res",
      "provider": "provider[\"registry.terraform.io/hashicorp/azurerm\"]",
      "instances": [
        {
          "schema_version": 4,
          "attributes": {
            "access_tier": "Hot",
            "account_kind": "StorageV2",
            "account_replication_type": "LRS",
            "account_tier": "Standard",
            "allow_nested_items_to_be_public": true,
            "allowed_copy_scope": "",
            "azure_files_authentication": [],
            "blob_properties": [
              {
                "change_feed_enabled": false,
                "change_feed_retention_in_days": 0,
                "container_delete_retention_policy": [],
                "cors_rule": [],
                "default_service_version": "",
                "delete_retention_policy": [],
                "last_access_time_enabled": false,
                "restore_policy": [],
                "versioning_enabled": false
              }
            ],
            "cross_tenant_replication_enabled": true,
            "custom_domain": [],
            "customer_managed_key": [],
            "default_to_oauth_authentication": false,
            "edge_zone": "",
            "enable_https_traffic_only": true,
            "id": "/subscriptions/2edd29f5-689f-48c5-b93e-93723216ea91/resourceGroups/azure-mvp-sinistro/providers/Microsoft.Storage/storageAccounts/datalake0503mvp",
            "identity": [],
            "immutability_policy": [],
            "infrastructure_encryption_enabled": false,
            "is_hns_enabled": true,
            "large_file_share_enabled": null,
            "local_user_enabled": true,
            "location": "eastus",
            "min_tls_version": "TLS1_2",
            "name": "datalake0503mvp",
            "network_rules": [
              {
                "bypass": [
                  "AzureServices"
                ],
                "default_action": "Allow",
                "ip_rules": [],
                "private_link_access": [],
                "virtual_network_subnet_ids": []
              }
            ],
            "nfsv3_enabled": false,
            "primary_access_key": "jLkMtt33S/NxaU8dlCk/NkA7qdIlVPIeFwONiSqMTNjMQtqf8jdQGOpnXPAC5StVBzOmfcVCbfGj+AStGSWfwg==",
            "primary_blob_connection_string": "DefaultEndpointsProtocol=https;BlobEndpoint=https://datalake0503mvp.blob.core.windows.net/;AccountName=datalake0503mvp;AccountKey=jLkMtt33S/NxaU8dlCk/NkA7qdIlVPIeFwONiSqMTNjMQtqf8jdQGOpnXPAC5StVBzOmfcVCbfGj+AStGSWfwg==",
            "primary_blob_endpoint": "https://datalake0503mvp.blob.core.windows.net/",
            "primary_blob_host": "datalake0503mvp.blob.core.windows.net",
            "primary_blob_internet_endpoint": "",
            "primary_blob_internet_host": "",
            "primary_blob_microsoft_endpoint": "",
            "primary_blob_microsoft_host": "",
            "primary_connection_string": "DefaultEndpointsProtocol=https;AccountName=datalake0503mvp;AccountKey=jLkMtt33S/NxaU8dlCk/NkA7qdIlVPIeFwONiSqMTNjMQtqf8jdQGOpnXPAC5StVBzOmfcVCbfGj+AStGSWfwg==;EndpointSuffix=core.windows.net",
            "primary_dfs_endpoint": "https://datalake0503mvp.dfs.core.windows.net/",
            "primary_dfs_host": "datalake0503mvp.dfs.core.windows.net",
            "primary_dfs_internet_endpoint": "",
            "primary_dfs_internet_host": "",
            "primary_dfs_microsoft_endpoint": "",
            "primary_dfs_microsoft_host": "",
            "primary_file_endpoint": "https://datalake0503mvp.file.core.windows.net/",
            "primary_file_host": "datalake0503mvp.file.core.windows.net",
            "primary_file_internet_endpoint": "",
            "primary_file_internet_host": "",
            "primary_file_microsoft_endpoint": "",
            "primary_file_microsoft_host": "",
            "primary_location": "eastus",
            "primary_queue_endpoint": "https://datalake0503mvp.queue.core.windows.net/",
            "primary_queue_host": "datalake0503mvp.queue.core.windows.net",
            "primary_queue_microsoft_endpoint": "",
            "primary_queue_microsoft_host": "",
            "primary_table_endpoint": "https://datalake0503mvp.table.core.windows.net/",
            "primary_table_host": "datalake0503mvp.table.core.windows.net",
            "primary_table_microsoft_endpoint": "",
            "primary_table_microsoft_host": "",
            "primary_web_endpoint": "https://datalake0503mvp.z13.web.core.windows.net/",
            "primary_web_host": "datalake0503mvp.z13.web.core.windows.net",
            "primary_web_internet_endpoint": "",
            "primary_web_internet_host": "",
            "primary_web_microsoft_endpoint": "",
            "primary_web_microsoft_host": "",
            "public_network_access_enabled": true,
            "queue_encryption_key_type": "Service",
            "queue_properties": [
              {
                "cors_rule": [],
                "hour_metrics": [
                  {
                    "enabled": true,
                    "include_apis": true,
                    "retention_policy_days": 7,
                    "version": "1.0"
                  }
                ],
                "logging": [
                  {
                    "delete": false,
                    "read": false,
                    "retention_policy_days": 0,
                    "version": "1.0",
                    "write": false
                  }
                ],
                "minute_metrics": [
                  {
                    "enabled": false,
                    "include_apis": false,
                    "retention_policy_days": 0,
                    "version": "1.0"
                  }
                ]
              }
            ],
            "resource_group_name": "azure-mvp-sinistro",
            "routing": [],
            "sas_policy": [],
            "secondary_access_key": "UJ4zT9pO/14IR/dmF64jb3dOGPMN3adYOCgtoBfplCokohHZPeexfh+b/3ParOpRsJnoDVu1He+9+AStvHDxcw==",
            "secondary_blob_connection_string": "",
            "secondary_blob_endpoint": null,
            "secondary_blob_host": null,
            "secondary_blob_internet_endpoint": null,
            "secondary_blob_internet_host": null,
            "secondary_blob_microsoft_endpoint": null,
            "secondary_blob_microsoft_host": null,
            "secondary_connection_string": "DefaultEndpointsProtocol=https;AccountName=datalake0503mvp;AccountKey=UJ4zT9pO/14IR/dmF64jb3dOGPMN3adYOCgtoBfplCokohHZPeexfh+b/3ParOpRsJnoDVu1He+9+AStvHDxcw==;EndpointSuffix=core.windows.net",
            "secondary_dfs_endpoint": null,
            "secondary_dfs_host": null,
            "secondary_dfs_internet_endpoint": null,
            "secondary_dfs_internet_host": null,
            "secondary_dfs_microsoft_endpoint": null,
            "secondary_dfs_microsoft_host": null,
            "secondary_file_endpoint": null,
            "secondary_file_host": null,
            "secondary_file_internet_endpoint": null,
            "secondary_file_internet_host": null,
            "secondary_file_microsoft_endpoint": null,
            "secondary_file_microsoft_host": null,
            "secondary_location": "",
            "secondary_queue_endpoint": null,
            "secondary_queue_host": null,
            "secondary_queue_microsoft_endpoint": null,
            "secondary_queue_microsoft_host": null,
            "secondary_table_endpoint": null,
            "secondary_table_host": null,
            "secondary_table_microsoft_endpoint": null,
            "secondary_table_microsoft_host": null,
            "secondary_web_endpoint": null,
            "secondary_web_host": null,
            "secondary_web_internet_endpoint": null,
            "secondary_web_internet_host": null,
            "secondary_web_microsoft_endpoint": null,
            "secondary_web_microsoft_host": null,
            "sftp_enabled": false,
            "share_properties": [
              {
                "cors_rule": [],
                "retention_policy": [
                  {
                    "days": 7
                  }
                ],
                "smb": []
              }
            ],
            "shared_access_key_enabled": true,
            "static_website": [],
            "table_encryption_key_type": "Service",
            "tags": {},
            "timeouts": null
          },
          "sensitive_attributes": [],
          "private": "eyJlMmJmYjczMC1lY2FhLTExZTYtOGY4OC0zNDM2M2JjN2M0YzAiOnsiY3JlYXRlIjozNjAwMDAwMDAwMDAwLCJkZWxldGUiOjM2MDAwMDAwMDAwMDAsInJlYWQiOjMwMDAwMDAwMDAwMCwidXBkYXRlIjozNjAwMDAwMDAwMDAwfSwic2NoZW1hX3ZlcnNpb24iOiI0In0=",
          "dependencies": [
            "azurerm_resource_group.rg"
          ]
        }
      ]
    },
    {
      "mode": "managed",
      "type": "azurerm_storage_account",
      "name": "storage_fn",
      "provider": "provider[\"registry.terraform.io/hashicorp/azurerm\"]",
      "instances": [
        {
          "schema_version": 4,
          "attributes": {
            "access_tier": "Hot",
            "account_kind": "StorageV2",
            "account_replication_type": "LRS",
            "account_tier": "Standard",
            "allow_nested_items_to_be_public": true,
            "allowed_copy_scope": "",
            "azure_files_authentication": [],
            "blob_properties": [
              {
                "change_feed_enabled": false,
                "change_feed_retention_in_days": 0,
                "container_delete_retention_policy": [],
                "cors_rule": [],
                "default_service_version": "",
                "delete_retention_policy": [],
                "last_access_time_enabled": false,
                "restore_policy": [],
                "versioning_enabled": false
              }
            ],
            "cross_tenant_replication_enabled": true,
            "custom_domain": [],
            "customer_managed_key": [],
            "default_to_oauth_authentication": false,
            "edge_zone": "",
            "enable_https_traffic_only": true,
            "id": "/subscriptions/2edd29f5-689f-48c5-b93e-93723216ea91/resourceGroups/azure-mvp-sinistro/providers/Microsoft.Storage/storageAccounts/functionstg0503mvp",
            "identity": [],
            "immutability_policy": [],
            "infrastructure_encryption_enabled": false,
            "is_hns_enabled": false,
            "large_file_share_enabled": null,
            "local_user_enabled": true,
            "location": "eastus",
            "min_tls_version": "TLS1_2",
            "name": "functionstg0503mvp",
            "network_rules": [
              {
                "bypass": [
                  "AzureServices"
                ],
                "default_action": "Allow",
                "ip_rules": [],
                "private_link_access": [],
                "virtual_network_subnet_ids": []
              }
            ],
            "nfsv3_enabled": false,
            "primary_access_key": "8+ITDTrwfgpmfrWfZgEIcwOjd3ETHALVDn6q3zToRrDrP9UkNSON+3zAInm2KtXIWrMj6gug1AYv+AStvvBIIA==",
            "primary_blob_connection_string": "DefaultEndpointsProtocol=https;BlobEndpoint=https://functionstg0503mvp.blob.core.windows.net/;AccountName=functionstg0503mvp;AccountKey=8+ITDTrwfgpmfrWfZgEIcwOjd3ETHALVDn6q3zToRrDrP9UkNSON+3zAInm2KtXIWrMj6gug1AYv+AStvvBIIA==",
            "primary_blob_endpoint": "https://functionstg0503mvp.blob.core.windows.net/",
            "primary_blob_host": "functionstg0503mvp.blob.core.windows.net",
            "primary_blob_internet_endpoint": "",
            "primary_blob_internet_host": "",
            "primary_blob_microsoft_endpoint": "",
            "primary_blob_microsoft_host": "",
            "primary_connection_string": "DefaultEndpointsProtocol=https;AccountName=functionstg0503mvp;AccountKey=8+ITDTrwfgpmfrWfZgEIcwOjd3ETHALVDn6q3zToRrDrP9UkNSON+3zAInm2KtXIWrMj6gug1AYv+AStvvBIIA==;EndpointSuffix=core.windows.net",
            "primary_dfs_endpoint": "https://functionstg0503mvp.dfs.core.windows.net/",
            "primary_dfs_host": "functionstg0503mvp.dfs.core.windows.net",
            "primary_dfs_internet_endpoint": "",
            "primary_dfs_internet_host": "",
            "primary_dfs_microsoft_endpoint": "",
            "primary_dfs_microsoft_host": "",
            "primary_file_endpoint": "https://functionstg0503mvp.file.core.windows.net/",
            "primary_file_host": "functionstg0503mvp.file.core.windows.net",
            "primary_file_internet_endpoint": "",
            "primary_file_internet_host": "",
            "primary_file_microsoft_endpoint": "",
            "primary_file_microsoft_host": "",
            "primary_location": "eastus",
            "primary_queue_endpoint": "https://functionstg0503mvp.queue.core.windows.net/",
            "primary_queue_host": "functionstg0503mvp.queue.core.windows.net",
            "primary_queue_microsoft_endpoint": "",
            "primary_queue_microsoft_host": "",
            "primary_table_endpoint": "https://functionstg0503mvp.table.core.windows.net/",
            "primary_table_host": "functionstg0503mvp.table.core.windows.net",
            "primary_table_microsoft_endpoint": "",
            "primary_table_microsoft_host": "",
            "primary_web_endpoint": "https://functionstg0503mvp.z13.web.core.windows.net/",
            "primary_web_host": "functionstg0503mvp.z13.web.core.windows.net",
            "primary_web_internet_endpoint": "",
            "primary_web_internet_host": "",
            "primary_web_microsoft_endpoint": "",
            "primary_web_microsoft_host": "",
            "public_network_access_enabled": true,
            "queue_encryption_key_type": "Service",
            "queue_properties": [
              {
                "cors_rule": [],
                "hour_metrics": [
                  {
                    "enabled": true,
                    "include_apis": true,
                    "retention_policy_days": 7,
                    "version": "1.0"
                  }
                ],
                "logging": [
                  {
                    "delete": false,
                    "read": false,
                    "retention_policy_days": 0,
                    "version": "1.0",
                    "write": false
                  }
                ],
                "minute_metrics": [
                  {
                    "enabled": false,
                    "include_apis": false,
                    "retention_policy_days": 0,
                    "version": "1.0"
                  }
                ]
              }
            ],
            "resource_group_name": "azure-mvp-sinistro",
            "routing": [],
            "sas_policy": [],
            "secondary_access_key": "EvbMxxKnkXoky0Ui3oHQverGZkMR5wk3XnsbJ0GoBNJxmKr3OWTCGoIWJLioArVNDT/DNb75eYuV+ASt+NNXcA==",
            "secondary_blob_connection_string": "",
            "secondary_blob_endpoint": null,
            "secondary_blob_host": null,
            "secondary_blob_internet_endpoint": null,
            "secondary_blob_internet_host": null,
            "secondary_blob_microsoft_endpoint": null,
            "secondary_blob_microsoft_host": null,
            "secondary_connection_string": "DefaultEndpointsProtocol=https;AccountName=functionstg0503mvp;AccountKey=EvbMxxKnkXoky0Ui3oHQverGZkMR5wk3XnsbJ0GoBNJxmKr3OWTCGoIWJLioArVNDT/DNb75eYuV+ASt+NNXcA==;EndpointSuffix=core.windows.net",
            "secondary_dfs_endpoint": null,
            "secondary_dfs_host": null,
            "secondary_dfs_internet_endpoint": null,
            "secondary_dfs_internet_host": null,
            "secondary_dfs_microsoft_endpoint": null,
            "secondary_dfs_microsoft_host": null,
            "secondary_file_endpoint": null,
            "secondary_file_host": null,
            "secondary_file_internet_endpoint": null,
            "secondary_file_internet_host": null,
            "secondary_file_microsoft_endpoint": null,
            "secondary_file_microsoft_host": null,
            "secondary_location": "",
            "secondary_queue_endpoint": null,
            "secondary_queue_host": null,
            "secondary_queue_microsoft_endpoint": null,
            "secondary_queue_microsoft_host": null,
            "secondary_table_endpoint": null,
            "secondary_table_host": null,
            "secondary_table_microsoft_endpoint": null,
            "secondary_table_microsoft_host": null,
            "secondary_web_endpoint": null,
            "secondary_web_host": null,
            "secondary_web_internet_endpoint": null,
            "secondary_web_internet_host": null,
            "secondary_web_microsoft_endpoint": null,
            "secondary_web_microsoft_host": null,
            "sftp_enabled": false,
            "share_properties": [
              {
                "cors_rule": [],
                "retention_policy": [
                  {
                    "days": 7
                  }
                ],
                "smb": []
              }
            ],
            "shared_access_key_enabled": true,
            "static_website": [],
            "table_encryption_key_type": "Service",
            "tags": {},
            "timeouts": null
          },
          "sensitive_attributes": [],
          "private": "eyJlMmJmYjczMC1lY2FhLTExZTYtOGY4OC0zNDM2M2JjN2M0YzAiOnsiY3JlYXRlIjozNjAwMDAwMDAwMDAwLCJkZWxldGUiOjM2MDAwMDAwMDAwMDAsInJlYWQiOjMwMDAwMDAwMDAwMCwidXBkYXRlIjozNjAwMDAwMDAwMDAwfSwic2NoZW1hX3ZlcnNpb24iOiI0In0=",
          "dependencies": [
            "azurerm_resource_group.rg"
          ]
        }
      ]
    },
    {
      "mode": "managed",
      "type": "azurerm_storage_data_lake_gen2_filesystem",
      "name": "datalake_emails",
      "provider": "provider[\"registry.terraform.io/hashicorp/azurerm\"]",
      "instances": [
        {
          "schema_version": 0,
          "attributes": {
            "ace": [
              {
                "id": "",
                "permissions": "---",
                "scope": "access",
                "type": "other"
              },
              {
                "id": "",
                "permissions": "r-x",
                "scope": "access",
                "type": "group"
              },
              {
                "id": "",
                "permissions": "rwx",
                "scope": "access",
                "type": "user"
              }
            ],
            "group": "67f7545b-5b51-48a8-ad25-1e801047d786",
            "id": "https://datalake0503mvp.dfs.core.windows.net/emails",
            "name": "emails",
            "owner": "67f7545b-5b51-48a8-ad25-1e801047d786",
            "properties": {},
            "storage_account_id": "/subscriptions/2edd29f5-689f-48c5-b93e-93723216ea91/resourceGroups/azure-mvp-sinistro/providers/Microsoft.Storage/storageAccounts/datalake0503mvp",
            "timeouts": null
          },
          "sensitive_attributes": [],
          "private": "eyJlMmJmYjczMC1lY2FhLTExZTYtOGY4OC0zNDM2M2JjN2M0YzAiOnsiY3JlYXRlIjoxODAwMDAwMDAwMDAwLCJkZWxldGUiOjE4MDAwMDAwMDAwMDAsInJlYWQiOjMwMDAwMDAwMDAwMCwidXBkYXRlIjoxODAwMDAwMDAwMDAwfX0=",
          "dependencies": [
            "azurerm_resource_group.rg",
            "azurerm_storage_account.datalake_res"
          ]
        }
      ]
    },
    {
      "mode": "managed",
      "type": "azurerm_storage_data_lake_gen2_filesystem",
      "name": "datalake_jsons",
      "provider": "provider[\"registry.terraform.io/hashicorp/azurerm\"]",
      "instances": [
        {
          "schema_version": 0,
          "attributes": {
            "ace": [
              {
                "id": "",
                "permissions": "---",
                "scope": "access",
                "type": "other"
              },
              {
                "id": "",
                "permissions": "r-x",
                "scope": "access",
                "type": "group"
              },
              {
                "id": "",
                "permissions": "rwx",
                "scope": "access",
                "type": "user"
              }
            ],
            "group": "67f7545b-5b51-48a8-ad25-1e801047d786",
            "id": "https://datalake0503mvp.dfs.core.windows.net/jsons",
            "name": "jsons",
            "owner": "67f7545b-5b51-48a8-ad25-1e801047d786",
            "properties": {},
            "storage_account_id": "/subscriptions/2edd29f5-689f-48c5-b93e-93723216ea91/resourceGroups/azure-mvp-sinistro/providers/Microsoft.Storage/storageAccounts/datalake0503mvp",
            "timeouts": null
          },
          "sensitive_attributes": [],
          "private": "eyJlMmJmYjczMC1lY2FhLTExZTYtOGY4OC0zNDM2M2JjN2M0YzAiOnsiY3JlYXRlIjoxODAwMDAwMDAwMDAwLCJkZWxldGUiOjE4MDAwMDAwMDAwMDAsInJlYWQiOjMwMDAwMDAwMDAwMCwidXBkYXRlIjoxODAwMDAwMDAwMDAwfX0=",
          "dependencies": [
            "azurerm_resource_group.rg",
            "azurerm_storage_account.datalake_res"
          ]
        }
      ]
    }
  ],
  "check_results": null
}
